
Microsoft Visual Studio Solution File, Format Version 12.00
# Visual Studio Version 16
VisualStudioVersion = 16.0.31321.278
MinimumVisualStudioVersion = 10.0.40219.1
Project("{8BC9CEB8-8B4A-11D0-8D11-00A0C91BC942}") = "xtensaShrink", "xtensaShrink.vcxproj", "{0DC8ACD2-5459-436C-804A-5A5F5E6200CE}"
EndProject
Global
	GlobalSection(SolutionConfigurationPlatforms) = preSolution
		Debug|x64 = Debug|x64
		Debug|x86 = Debug|x86
		Release|x64 = Release|x64
		Release|x86 = Release|x86
	EndGlobalSection
	GlobalSection(ProjectConfigurationPlatforms) = postSolution
		{0DC8ACD2-5459-436C-804A-5A5F5E6200CE}.Debug|x64.ActiveCfg = Debug|x64
		{0DC8ACD2-5459-436C-804A-5A5F5E6200CE}.Debug|x64.Build.0 = Debug|x64
		{0DC8ACD2-5459-436C-804A-5A5F5E6200CE}.Debug|x86.ActiveCfg = Debug|Win32
		{0DC8ACD2-5459-436C-804A-5A5F5E6200CE}.Debug|x86.Build.0 = Debug|Win32
		{0DC8ACD2-5459-436C-804A-5A5F5E6200CE}.Release|x64.ActiveCfg = Release|x64
		{0DC8ACD2-5459-436C-804A-5A5F5E6200CE}.Release|x64.Build.0 = Release|x64
		{0DC8ACD2-5459-436C-804A-5A5F5E6200CE}.Release|x86.ActiveCfg = Release|Win32
		{0DC8ACD2-5459-436C-804A-5A5F5E6200CE}.Release|x86.Build.0 = Release|Win32
	EndGlobalSection
	GlobalSection(SolutionProperties) = preSolution
		HideSolutionNode = FALSE
	EndGlobalSection
	GlobalSection(ExtensibilityGlobals) = postSolution
		SolutionGuid = {1258C0F2-1AF9-46E2-8637-0754105CE312}
	EndGlobalSection
EndGlobal
